
Microsoft Visual Studio Solution File, Format Version 12.00
# Visual Studio Version 17
VisualStudioVersion = 17.3.32804.467
MinimumVisualStudioVersion = 10.0.40219.1
Project("{FAE04EC0-301F-11D3-BF4B-00C04F79EFBC}") = "ProyectoBase", "ProyectoBase\ProyectoBase.csproj", "{170A3E66-E01F-4AAC-9CC8-FEB9D4F845E4}"
EndProject
Global
	GlobalSection(SolutionConfigurationPlatforms) = preSolution
		Debug|Any CPU = Debug|Any CPU
		Release|Any CPU = Release|Any CPU
	EndGlobalSection
	GlobalSection(ProjectConfigurationPlatforms) = postSolution
		{170A3E66-E01F-4AAC-9CC8-FEB9D4F845E4}.Debug|Any CPU.ActiveCfg = Debug|Any CPU
		{170A3E66-E01F-4AAC-9CC8-FEB9D4F845E4}.Debug|Any CPU.Build.0 = Debug|Any CPU
		{170A3E66-E01F-4AAC-9CC8-FEB9D4F845E4}.Release|Any CPU.ActiveCfg = Release|Any CPU
		{170A3E66-E01F-4AAC-9CC8-FEB9D4F845E4}.Release|Any CPU.Build.0 = Release|Any CPU
	EndGlobalSection
	GlobalSection(SolutionProperties) = preSolution
		HideSolutionNode = FALSE
	EndGlobalSection
	GlobalSection(ExtensibilityGlobals) = postSolution
		SolutionGuid = {A024130F-86FB-4176-8BC8-F75262124B58}
	EndGlobalSection
EndGlobal
